// !$*UTF8*$!
{
	archiveVersion = 1;
	classes = {
	};
	objectVersion = 55;
	objects = {

/* Begin PBXBuildFile section */
		B82BBF1327ACF42800A679FD /* TaskManagmentCoreDateApp.swift in Sources */ = {isa = PBXBuildFile; fileRef = B82BBF1227ACF42800A679FD /* TaskManagmentCoreDateApp.swift */; };
		B82BBF1527ACF42800A679FD /* ContentView.swift in Sources */ = {isa = PBXBuildFile; fileRef = B82BBF1427ACF42800A679FD /* ContentView.swift */; };
		B82BBF1727ACF42B00A679FD /* Assets.xcassets in Resources */ = {isa = PBXBuildFile; fileRef = B82BBF1627ACF42B00A679FD /* Assets.xcassets */; };
		B82BBF1A27ACF42B00A679FD /* Preview Assets.xcassets in Resources */ = {isa = PBXBuildFile; fileRef = B82BBF1927ACF42B00A679FD /* Preview Assets.xcassets */; };
		B82BBF1C27ACF42B00A679FD /* Persistence.swift in Sources */ = {isa = PBXBuildFile; fileRef = B82BBF1B27ACF42B00A679FD /* Persistence.swift */; };
		B82BBF1F27ACF42B00A679FD /* TaskManagmentCoreDate.xcdatamodeld in Sources */ = {isa = PBXBuildFile; fileRef = B82BBF1D27ACF42B00A679FD /* TaskManagmentCoreDate.xcdatamodeld */; };
		B82BBF2927ACF42B00A679FD /* TaskManagmentCoreDateTests.swift in Sources */ = {isa = PBXBuildFile; fileRef = B82BBF2827ACF42B00A679FD /* TaskManagmentCoreDateTests.swift */; };
		B82BBF3327ACF42B00A679FD /* TaskManagmentCoreDateUITests.swift in Sources */ = {isa = PBXBuildFile; fileRef = B82BBF3227ACF42B00A679FD /* TaskManagmentCoreDateUITests.swift */; };
		B82BBF3527ACF42B00A679FD /* TaskManagmentCoreDateUITestsLaunchTests.swift in Sources */ = {isa = PBXBuildFile; fileRef = B82BBF3427ACF42B00A679FD /* TaskManagmentCoreDateUITestsLaunchTests.swift */; };
		B82BBF4527ACF8EE00A679FD /* Home.swift in Sources */ = {isa = PBXBuildFile; fileRef = B82BBF4427ACF8EE00A679FD /* Home.swift */; };
		B82BBF4727ACF93600A679FD /* TaskViewModel.swift in Sources */ = {isa = PBXBuildFile; fileRef = B82BBF4627ACF93600A679FD /* TaskViewModel.swift */; };
		B82BBF4927AD0E7700A679FD /* DynamicFilteredView.swift in Sources */ = {isa = PBXBuildFile; fileRef = B82BBF4827AD0E7700A679FD /* DynamicFilteredView.swift */; };
		B82BBF4B27AD253500A679FD /* NewTask.swift in Sources */ = {isa = PBXBuildFile; fileRef = B82BBF4A27AD253500A679FD /* NewTask.swift */; };
/* End PBXBuildFile section */

/* Begin PBXContainerItemProxy section */
		B82BBF2527ACF42B00A679FD /* PBXContainerItemProxy */ = {
			isa = PBXContainerItemProxy;
			containerPortal = B82BBF0727ACF42700A679FD /* Project object */;
			proxyType = 1;
			remoteGlobalIDString = B82BBF0E27ACF42800A679FD;
			remoteInfo = TaskManagmentCoreDate;
		};
		B82BBF2F27ACF42B00A679FD /* PBXContainerItemProxy */ = {
			isa = PBXContainerItemProxy;
			containerPortal = B82BBF0727ACF42700A679FD /* Project object */;
			proxyType = 1;
			remoteGlobalIDString = B82BBF0E27ACF42800A679FD;
			remoteInfo = TaskManagmentCoreDate;
		};
/* End PBXContainerItemProxy section */

/* Begin PBXFileReference section */
		B82BBF0F27ACF42800A679FD /* TaskManagmentCoreDate.app */ = {isa = PBXFileReference; explicitFileType = wrapper.application; includeInIndex = 0; path = TaskManagmentCoreDate.app; sourceTree = BUILT_PRODUCTS_DIR; };
		B82BBF1227ACF42800A679FD /* TaskManagmentCoreDateApp.swift */ = {isa = PBXFileReference; lastKnownFileType = sourcecode.swift; path = TaskManagmentCoreDateApp.swift; sourceTree = "<group>"; };
		B82BBF1427ACF42800A679FD /* ContentView.swift */ = {isa = PBXFileReference; lastKnownFileType = sourcecode.swift; path = ContentView.swift; sourceTree = "<group>"; };
		B82BBF1627ACF42B00A679FD /* Assets.xcassets */ = {isa = PBXFileReference; lastKnownFileType = folder.assetcatalog; path = Assets.xcassets; sourceTree = "<group>"; };
		B82BBF1927ACF42B00A679FD /* Preview Assets.xcassets */ = {isa = PBXFileReference; lastKnownFileType = folder.assetcatalog; path = "Preview Assets.xcassets"; sourceTree = "<group>"; };
		B82BBF1B27ACF42B00A679FD /* Persistence.swift */ = {isa = PBXFileReference; lastKnownFileType = sourcecode.swift; path = Persistence.swift; sourceTree = "<group>"; };
		B82BBF1E27ACF42B00A679FD /* TaskManagmentCoreDate.xcdatamodel */ = {isa = PBXFileReference; lastKnownFileType = wrapper.xcdatamodel; path = TaskManagmentCoreDate.xcdatamodel; sourceTree = "<group>"; };
		B82BBF2427ACF42B00A679FD /* TaskManagmentCoreDateTests.xctest */ = {isa = PBXFileReference; explicitFileType = wrapper.cfbundle; includeInIndex = 0; path = TaskManagmentCoreDateTests.xctest; sourceTree = BUILT_PRODUCTS_DIR; };
		B82BBF2827ACF42B00A679FD /* TaskManagmentCoreDateTests.swift */ = {isa = PBXFileReference; lastKnownFileType = sourcecode.swift; path = TaskManagmentCoreDateTests.swift; sourceTree = "<group>"; };
		B82BBF2E27ACF42B00A679FD /* TaskManagmentCoreDateUITests.xctest */ = {isa = PBXFileReference; explicitFileType = wrapper.cfbundle; includeInIndex = 0; path = TaskManagmentCoreDateUITests.xctest; sourceTree = BUILT_PRODUCTS_DIR; };
		B82BBF3227ACF42B00A679FD /* TaskManagmentCoreDateUITests.swift */ = {isa = PBXFileReference; lastKnownFileType = sourcecode.swift; path = TaskManagmentCoreDateUITests.swift; sourceTree = "<group>"; };
		B82BBF3427ACF42B00A679FD /* TaskManagmentCoreDateUITestsLaunchTests.swift */ = {isa = PBXFileReference; lastKnownFileType = sourcecode.swift; path = TaskManagmentCoreDateUITestsLaunchTests.swift; sourceTree = "<group>"; };
		B82BBF4427ACF8EE00A679FD /* Home.swift */ = {isa = PBXFileReference; fileEncoding = 4; lastKnownFileType = sourcecode.swift; path = Home.swift; sourceTree = "<group>"; };
		B82BBF4627ACF93600A679FD /* TaskViewModel.swift */ = {isa = PBXFileReference; fileEncoding = 4; lastKnownFileType = sourcecode.swift; path = TaskViewModel.swift; sourceTree = "<group>"; };
		B82BBF4827AD0E7700A679FD /* DynamicFilteredView.swift */ = {isa = PBXFileReference; lastKnownFileType = sourcecode.swift; path = DynamicFilteredView.swift; sourceTree = "<group>"; };
		B82BBF4A27AD253500A679FD /* NewTask.swift */ = {isa = PBXFileReference; lastKnownFileType = sourcecode.swift; path = NewTask.swift; sourceTree = "<group>"; };
/* End PBXFileReference section */

/* Begin PBXFrameworksBuildPhase section */
		B82BBF0C27ACF42800A679FD /* Frameworks */ = {
			isa = PBXFrameworksBuildPhase;
			buildActionMask = 2147483647;
			files = (
			);
			runOnlyForDeploymentPostprocessing = 0;
		};
		B82BBF2127ACF42B00A679FD /* Frameworks */ = {
			isa = PBXFrameworksBuildPhase;
			buildActionMask = 2147483647;
			files = (
			);
			runOnlyForDeploymentPostprocessing = 0;
		};
		B82BBF2B27ACF42B00A679FD /* Frameworks */ = {
			isa = PBXFrameworksBuildPhase;
			buildActionMask = 2147483647;
			files = (
			);
			runOnlyForDeploymentPostprocessing = 0;
		};
/* End PBXFrameworksBuildPhase section */

/* Begin PBXGroup section */
		B82BBF0627ACF42700A679FD = {
			isa = PBXGroup;
			children = (
				B82BBF1127ACF42800A679FD /* TaskManagmentCoreDate */,
				B82BBF2727ACF42B00A679FD /* TaskManagmentCoreDateTests */,
				B82BBF3127ACF42B00A679FD /* TaskManagmentCoreDateUITests */,
				B82BBF1027ACF42800A679FD /* Products */,
			);
			sourceTree = "<group>";
		};
		B82BBF1027ACF42800A679FD /* Products */ = {
			isa = PBXGroup;
			children = (
				B82BBF0F27ACF42800A679FD /* TaskManagmentCoreDate.app */,
				B82BBF2427ACF42B00A679FD /* TaskManagmentCoreDateTests.xctest */,
				B82BBF2E27ACF42B00A679FD /* TaskManagmentCoreDateUITests.xctest */,
			);
			name = Products;
			sourceTree = "<group>";
		};
		B82BBF1127ACF42800A679FD /* TaskManagmentCoreDate */ = {
			isa = PBXGroup;
			children = (
				B82BBF4327ACF86800A679FD /* ViewModel */,
				B82BBF4227ACF86100A679FD /* View */,
				B82BBF1227ACF42800A679FD /* TaskManagmentCoreDateApp.swift */,
				B82BBF1427ACF42800A679FD /* ContentView.swift */,
				B82BBF1627ACF42B00A679FD /* Assets.xcassets */,
				B82BBF1B27ACF42B00A679FD /* Persistence.swift */,
				B82BBF1D27ACF42B00A679FD /* TaskManagmentCoreDate.xcdatamodeld */,
				B82BBF1827ACF42B00A679FD /* Preview Content */,
			);
			path = TaskManagmentCoreDate;
			sourceTree = "<group>";
		};
		B82BBF1827ACF42B00A679FD /* Preview Content */ = {
			isa = PBXGroup;
			children = (
				B82BBF1927ACF42B00A679FD /* Preview Assets.xcassets */,
			);
			path = "Preview Content";
			sourceTree = "<group>";
		};
		B82BBF2727ACF42B00A679FD /* TaskManagmentCoreDateTests */ = {
			isa = PBXGroup;
			children = (
				B82BBF2827ACF42B00A679FD /* TaskManagmentCoreDateTests.swift */,
			);
			path = TaskManagmentCoreDateTests;
			sourceTree = "<group>";
		};
		B82BBF3127ACF42B00A679FD /* TaskManagmentCoreDateUITests */ = {
			isa = PBXGroup;
			children = (
				B82BBF3227ACF42B00A679FD /* TaskManagmentCoreDateUITests.swift */,
				B82BBF3427ACF42B00A679FD /* TaskManagmentCoreDateUITestsLaunchTests.swift */,
			);
			path = TaskManagmentCoreDateUITests;
			sourceTree = "<group>";
		};
		B82BBF4227ACF86100A679FD /* View */ = {
			isa = PBXGroup;
			children = (
				B82BBF4427ACF8EE00A679FD /* Home.swift */,
				B82BBF4827AD0E7700A679FD /* DynamicFilteredView.swift */,
				B82BBF4A27AD253500A679FD /* NewTask.swift */,
			);
			path = View;
			sourceTree = "<group>";
		};
		B82BBF4327ACF86800A679FD /* ViewModel */ = {
			isa = PBXGroup;
			children = (
				B82BBF4627ACF93600A679FD /* TaskViewModel.swift */,
			);
			path = ViewModel;
			sourceTree = "<group>";
		};
/* End PBXGroup section */

/* Begin PBXNativeTarget section */
		B82BBF0E27ACF42800A679FD /* TaskManagmentCoreDate */ = {
			isa = PBXNativeTarget;
			buildConfigurationList = B82BBF3827ACF42B00A679FD /* Build configuration list for PBXNativeTarget "TaskManagmentCoreDate" */;
			buildPhases = (
				B82BBF0B27ACF42800A679FD /* Sources */,
				B82BBF0C27ACF42800A679FD /* Frameworks */,
				B82BBF0D27ACF42800A679FD /* Resources */,
			);
			buildRules = (
			);
			dependencies = (
			);
			name = TaskManagmentCoreDate;
			productName = TaskManagmentCoreDate;
			productReference = B82BBF0F27ACF42800A679FD /* TaskManagmentCoreDate.app */;
			productType = "com.apple.product-type.application";
		};
		B82BBF2327ACF42B00A679FD /* TaskManagmentCoreDateTests */ = {
			isa = PBXNativeTarget;
			buildConfigurationList = B82BBF3B27ACF42B00A679FD /* Build configuration list for PBXNativeTarget "TaskManagmentCoreDateTests" */;
			buildPhases = (
				B82BBF2027ACF42B00A679FD /* Sources */,
				B82BBF2127ACF42B00A679FD /* Frameworks */,
				B82BBF2227ACF42B00A679FD /* Resources */,
			);
			buildRules = (
			);
			dependencies = (
				B82BBF2627ACF42B00A679FD /* PBXTargetDependency */,
			);
			name = TaskManagmentCoreDateTests;
			productName = TaskManagmentCoreDateTests;
			productReference = B82BBF2427ACF42B00A679FD /* TaskManagmentCoreDateTests.xctest */;
			productType = "com.apple.product-type.bundle.unit-test";
		};
		B82BBF2D27ACF42B00A679FD /* TaskManagmentCoreDateUITests */ = {
			isa = PBXNativeTarget;
			buildConfigurationList = B82BBF3E27ACF42B00A679FD /* Build configuration list for PBXNativeTarget "TaskManagmentCoreDateUITests" */;
			buildPhases = (
				B82BBF2A27ACF42B00A679FD /* Sources */,
				B82BBF2B27ACF42B00A679FD /* Frameworks */,
				B82BBF2C27ACF42B00A679FD /* Resources */,
			);
			buildRules = (
			);
			dependencies = (
				B82BBF3027ACF42B00A679FD /* PBXTargetDependency */,
			);
			name = TaskManagmentCoreDateUITests;
			productName = TaskManagmentCoreDateUITests;
			productReference = B82BBF2E27ACF42B00A679FD /* TaskManagmentCoreDateUITests.xctest */;
			productType = "com.apple.product-type.bundle.ui-testing";
		};
/* End PBXNativeTarget section */

/* Begin PBXProject section */
		B82BBF0727ACF42700A679FD /* Project object */ = {
			isa = PBXProject;
			attributes = {
				BuildIndependentTargetsInParallel = 1;
				LastSwiftUpdateCheck = 1310;
				LastUpgradeCheck = 1310;
				TargetAttributes = {
					B82BBF0E27ACF42800A679FD = {
						CreatedOnToolsVersion = 13.1;
					};
					B82BBF2327ACF42B00A679FD = {
						CreatedOnToolsVersion = 13.1;
						TestTargetID = B82BBF0E27ACF42800A679FD;
					};
					B82BBF2D27ACF42B00A679FD = {
						CreatedOnToolsVersion = 13.1;
						TestTargetID = B82BBF0E27ACF42800A679FD;
					};
				};
			};
			buildConfigurationList = B82BBF0A27ACF42700A679FD /* Build configuration list for PBXProject "TaskManagmentCoreDate" */;
			compatibilityVersion = "Xcode 13.0";
			developmentRegion = en;
			hasScannedForEncodings = 0;
			knownRegions = (
				en,
				Base,
			);
			mainGroup = B82BBF0627ACF42700A679FD;
			productRefGroup = B82BBF1027ACF42800A679FD /* Products */;
			projectDirPath = "";
			projectRoot = "";
			targets = (
				B82BBF0E27ACF42800A679FD /* TaskManagmentCoreDate */,
				B82BBF2327ACF42B00A679FD /* TaskManagmentCoreDateTests */,
				B82BBF2D27ACF42B00A679FD /* TaskManagmentCoreDateUITests */,
			);
		};
/* End PBXProject section */

/* Begin PBXResourcesBuildPhase section */
		B82BBF0D27ACF42800A679FD /* Resources */ = {
			isa = PBXResourcesBuildPhase;
			buildActionMask = 2147483647;
			files = (
				B82BBF1A27ACF42B00A679FD /* Preview Assets.xcassets in Resources */,
				B82BBF1727ACF42B00A679FD /* Assets.xcassets in Resources */,
			);
			runOnlyForDeploymentPostprocessing = 0;
		};
		B82BBF2227ACF42B00A679FD /* Resources */ = {
			isa = PBXResourcesBuildPhase;
			buildActionMask = 2147483647;
			files = (
			);
			runOnlyForDeploymentPostprocessing = 0;
		};
		B82BBF2C27ACF42B00A679FD /* Resources */ = {
			isa = PBXResourcesBuildPhase;
			buildActionMask = 2147483647;
			files = (
			);
			runOnlyForDeploymentPostprocessing = 0;
		};
/* End PBXResourcesBuildPhase section */

/* Begin PBXSourcesBuildPhase section */
		B82BBF0B27ACF42800A679FD /* Sources */ = {
			isa = PBXSourcesBuildPhase;
			buildActionMask = 2147483647;
			files = (
				B82BBF1F27ACF42B00A679FD /* TaskManagmentCoreDate.xcdatamodeld in Sources */,
				B82BBF4927AD0E7700A679FD /* DynamicFilteredView.swift in Sources */,
				B82BBF4727ACF93600A679FD /* TaskViewModel.swift in Sources */,
				B82BBF1C27ACF42B00A679FD /* Persistence.swift in Sources */,
				B82BBF4527ACF8EE00A679FD /* Home.swift in Sources */,
				B82BBF4B27AD253500A679FD /* NewTask.swift in Sources */,
				B82BBF1527ACF42800A679FD /* ContentView.swift in Sources */,
				B82BBF1327ACF42800A679FD /* TaskManagmentCoreDateApp.swift in Sources */,
			);
			runOnlyForDeploymentPostprocessing = 0;
		};
		B82BBF2027ACF42B00A679FD /* Sources */ = {
			isa = PBXSourcesBuildPhase;
			buildActionMask = 2147483647;
			files = (
				B82BBF2927ACF42B00A679FD /* TaskManagmentCoreDateTests.swift in Sources */,
			);
			runOnlyForDeploymentPostprocessing = 0;
		};
		B82BBF2A27ACF42B00A679FD /* Sources */ = {
			isa = PBXSourcesBuildPhase;
			buildActionMask = 2147483647;
			files = (
				B82BBF3327ACF42B00A679FD /* TaskManagmentCoreDateUITests.swift in Sources */,
				B82BBF3527ACF42B00A679FD /* TaskManagmentCoreDateUITestsLaunchTests.swift in Sources */,
			);
			runOnlyForDeploymentPostprocessing = 0;
		};
/* End PBXSourcesBuildPhase section */

/* Begin PBXTargetDependency section */
		B82BBF2627ACF42B00A679FD /* PBXTargetDependency */ = {
			isa = PBXTargetDependency;
			target = B82BBF0E27ACF42800A679FD /* TaskManagmentCoreDate */;
			targetProxy = B82BBF2527ACF42B00A679FD /* PBXContainerItemProxy */;
		};
		B82BBF3027ACF42B00A679FD /* PBXTargetDependency */ = {
			isa = PBXTargetDependency;
			target = B82BBF0E27ACF42800A679FD /* TaskManagmentCoreDate */;
			targetProxy = B82BBF2F27ACF42B00A679FD /* PBXContainerItemProxy */;
		};
/* End PBXTargetDependency section */

/* Begin XCBuildConfiguration section */
		B82BBF3627ACF42B00A679FD /* Debug */ = {
			isa = XCBuildConfiguration;
			buildSettings = {
				ALWAYS_SEARCH_USER_PATHS = NO;
				CLANG_ANALYZER_NONNULL = YES;
				CLANG_ANALYZER_NUMBER_OBJECT_CONVERSION = YES_AGGRESSIVE;
				CLANG_CXX_LANGUAGE_STANDARD = "gnu++17";
				CLANG_CXX_LIBRARY = "libc++";
				CLANG_ENABLE_MODULES = YES;
				CLANG_ENABLE_OBJC_ARC = YES;
				CLANG_ENABLE_OBJC_WEAK = YES;
				CLANG_WARN_BLOCK_CAPTURE_AUTORELEASING = YES;
				CLANG_WARN_BOOL_CONVERSION = YES;
				CLANG_WARN_COMMA = YES;
				CLANG_WARN_CONSTANT_CONVERSION = YES;
				CLANG_WARN_DEPRECATED_OBJC_IMPLEMENTATIONS = YES;
				CLANG_WARN_DIRECT_OBJC_ISA_USAGE = YES_ERROR;
				CLANG_WARN_DOCUMENTATION_COMMENTS = YES;
				CLANG_WARN_EMPTY_BODY = YES;
				CLANG_WARN_ENUM_CONVERSION = YES;
				CLANG_WARN_INFINITE_RECURSION = YES;
				CLANG_WARN_INT_CONVERSION = YES;
				CLANG_WARN_NON_LITERAL_NULL_CONVERSION = YES;
				CLANG_WARN_OBJC_IMPLICIT_RETAIN_SELF = YES;
				CLANG_WARN_OBJC_LITERAL_CONVERSION = YES;
				CLANG_WARN_OBJC_ROOT_CLASS = YES_ERROR;
				CLANG_WARN_QUOTED_INCLUDE_IN_FRAMEWORK_HEADER = YES;
				CLANG_WARN_RANGE_LOOP_ANALYSIS = YES;
				CLANG_WARN_STRICT_PROTOTYPES = YES;
				CLANG_WARN_SUSPICIOUS_MOVE = YES;
				CLANG_WARN_UNGUARDED_AVAILABILITY = YES_AGGRESSIVE;
				CLANG_WARN_UNREACHABLE_CODE = YES;
				CLANG_WARN__DUPLICATE_METHOD_MATCH = YES;
				COPY_PHASE_STRIP = NO;
				DEBUG_INFORMATION_FORMAT = dwarf;
				ENABLE_STRICT_OBJC_MSGSEND = YES;
				ENABLE_TESTABILITY = YES;
				GCC_C_LANGUAGE_STANDARD = gnu11;
				GCC_DYNAMIC_NO_PIC = NO;
				GCC_NO_COMMON_BLOCKS = YES;
				GCC_OPTIMIZATION_LEVEL = 0;
				GCC_PREPROCESSOR_DEFINITIONS = (
					"DEBUG=1",
					"$(inherited)",
				);
				GCC_WARN_64_TO_32_BIT_CONVERSION = YES;
				GCC_WARN_ABOUT_RETURN_TYPE = YES_ERROR;
				GCC_WARN_UNDECLARED_SELECTOR = YES;
				GCC_WARN_UNINITIALIZED_AUTOS = YES_AGGRESSIVE;
				GCC_WARN_UNUSED_FUNCTION = YES;
				GCC_WARN_UNUSED_VARIABLE = YES;
				IPHONEOS_DEPLOYMENT_TARGET = 15.0;
				MTL_ENABLE_DEBUG_INFO = INCLUDE_SOURCE;
				MTL_FAST_MATH = YES;
				ONLY_ACTIVE_ARCH = YES;
				SDKROOT = iphoneos;
				SWIFT_ACTIVE_COMPILATION_CONDITIONS = DEBUG;
				SWIFT_OPTIMIZATION_LEVEL = "-Onone";
			};
			name = Debug;
		};
		B82BBF3727ACF42B00A679FD /* Release */ = {
			isa = XCBuildConfiguration;
			buildSettings = {
				ALWAYS_SEARCH_USER_PATHS = NO;
				CLANG_ANALYZER_NONNULL = YES;
				CLANG_ANALYZER_NUMBER_OBJECT_CONVERSION = YES_AGGRESSIVE;
				CLANG_CXX_LANGUAGE_STANDARD = "gnu++17";
				CLANG_CXX_LIBRARY = "libc++";
				CLANG_ENABLE_MODULES = YES;
				CLANG_ENABLE_OBJC_ARC = YES;
				CLANG_ENABLE_OBJC_WEAK = YES;
				CLANG_WARN_BLOCK_CAPTURE_AUTORELEASING = YES;
				CLANG_WARN_BOOL_CONVERSION = YES;
				CLANG_WARN_COMMA = YES;
				CLANG_WARN_CONSTANT_CONVERSION = YES;
				CLANG_WARN_DEPRECATED_OBJC_IMPLEMENTATIONS = YES;
				CLANG_WARN_DIRECT_OBJC_ISA_USAGE = YES_ERROR;
				CLANG_WARN_DOCUMENTATION_COMMENTS = YES;
				CLANG_WARN_EMPTY_BODY = YES;
				CLANG_WARN_ENUM_CONVERSION = YES;
				CLANG_WARN_INFINITE_RECURSION = YES;
				CLANG_WARN_INT_CONVERSION = YES;
				CLANG_WARN_NON_LITERAL_NULL_CONVERSION = YES;
				CLANG_WARN_OBJC_IMPLICIT_RETAIN_SELF = YES;
				CLANG_WARN_OBJC_LITERAL_CONVERSION = YES;
				CLANG_WARN_OBJC_ROOT_CLASS = YES_ERROR;
				CLANG_WARN_QUOTED_INCLUDE_IN_FRAMEWORK_HEADER = YES;
				CLANG_WARN_RANGE_LOOP_ANALYSIS = YES;
				CLANG_WARN_STRICT_PROTOTYPES = YES;
				CLANG_WARN_SUSPICIOUS_MOVE = YES;
				CLANG_WARN_UNGUARDED_AVAILABILITY = YES_AGGRESSIVE;
				CLANG_WARN_UNREACHABLE_CODE = YES;
				CLANG_WARN__DUPLICATE_METHOD_MATCH = YES;
				COPY_PHASE_STRIP = NO;
				DEBUG_INFORMATION_FORMAT = "dwarf-with-dsym";
				ENABLE_NS_ASSERTIONS = NO;
				ENABLE_STRICT_OBJC_MSGSEND = YES;
				GCC_C_LANGUAGE_STANDARD = gnu11;
				GCC_NO_COMMON_BLOCKS = YES;
				GCC_WARN_64_TO_32_BIT_CONVERSION = YES;
				GCC_WARN_ABOUT_RETURN_TYPE = YES_ERROR;
				GCC_WARN_UNDECLARED_SELECTOR = YES;
				GCC_WARN_UNINITIALIZED_AUTOS = YES_AGGRESSIVE;
				GCC_WARN_UNUSED_FUNCTION = YES;
				GCC_WARN_UNUSED_VARIABLE = YES;
				IPHONEOS_DEPLOYMENT_TARGET = 15.0;
				MTL_ENABLE_DEBUG_INFO = NO;
				MTL_FAST_MATH = YES;
				SDKROOT = iphoneos;
				SWIFT_COMPILATION_MODE = wholemodule;
				SWIFT_OPTIMIZATION_LEVEL = "-O";
				VALIDATE_PRODUCT = YES;
			};
			name = Release;
		};
		B82BBF3927ACF42B00A679FD /* Debug */ = {
			isa = XCBuildConfiguration;
			buildSettings = {
				ASSETCATALOG_COMPILER_APPICON_NAME = AppIcon;
				ASSETCATALOG_COMPILER_GLOBAL_ACCENT_COLOR_NAME = AccentColor;
				CODE_SIGN_STYLE = Automatic;
				CURRENT_PROJECT_VERSION = 1;
				DEVELOPMENT_ASSET_PATHS = "\"TaskManagmentCoreDate/Preview Content\"";
				DEVELOPMENT_TEAM = 335ANAU3W5;
				ENABLE_PREVIEWS = YES;
				GENERATE_INFOPLIST_FILE = YES;
				INFOPLIST_KEY_UIApplicationSceneManifest_Generation = YES;
				INFOPLIST_KEY_UIApplicationSupportsIndirectInputEvents = YES;
				INFOPLIST_KEY_UILaunchScreen_Generation = YES;
				INFOPLIST_KEY_UISupportedInterfaceOrientations_iPad = "UIInterfaceOrientationPortrait UIInterfaceOrientationPortraitUpsideDown UIInterfaceOrientationLandscapeLeft UIInterfaceOrientationLandscapeRight";
				INFOPLIST_KEY_UISupportedInterfaceOrientations_iPhone = "UIInterfaceOrientationPortrait UIInterfaceOrientationLandscapeLeft UIInterfaceOrientationLandscapeRight";
				LD_RUNPATH_SEARCH_PATHS = (
					"$(inherited)",
					"@executable_path/Frameworks",
				);
				MARKETING_VERSION = 1.0;
				PRODUCT_BUNDLE_IDENTIFIER = com.e.shirashiyani.TaskManagmentCoreDate;
				PRODUCT_NAME = "$(TARGET_NAME)";
				SWIFT_EMIT_LOC_STRINGS = YES;
				SWIFT_VERSION = 5.0;
				TARGETED_DEVICE_FAMILY = "1,2";
			};
			name = Debug;
		};
		B82BBF3A27ACF42B00A679FD /* Release */ = {
			isa = XCBuildConfiguration;
			buildSettings = {
				ASSETCATALOG_COMPILER_APPICON_NAME = AppIcon;
				ASSETCATALOG_COMPILER_GLOBAL_ACCENT_COLOR_NAME = AccentColor;
				CODE_SIGN_STYLE = Automatic;
				CURRENT_PROJECT_VERSION = 1;
				DEVELOPMENT_ASSET_PATHS = "\"TaskManagmentCoreDate/Preview Content\"";
				DEVELOPMENT_TEAM = 335ANAU3W5;
				ENABLE_PREVIEWS = YES;
				GENERATE_INFOPLIST_FILE = YES;
				INFOPLIST_KEY_UIApplicationSceneManifest_Generation = YES;
				INFOPLIST_KEY_UIApplicationSupportsIndirectInputEvents = YES;
				INFOPLIST_KEY_UILaunchScreen_Generation = YES;
				INFOPLIST_KEY_UISupportedInterfaceOrientations_iPad = "UIInterfaceOrientationPortrait UIInterfaceOrientationPortraitUpsideDown UIInterfaceOrientationLandscapeLeft UIInterfaceOrientationLandscapeRight";
				INFOPLIST_KEY_UISupportedInterfaceOrientations_iPhone = "UIInterfaceOrientationPortrait UIInterfaceOrientationLandscapeLeft UIInterfaceOrientationLandscapeRight";
				LD_RUNPATH_SEARCH_PATHS = (
					"$(inherited)",
					"@executable_path/Frameworks",
				);
				MARKETING_VERSION = 1.0;
				PRODUCT_BUNDLE_IDENTIFIER = com.e.shirashiyani.TaskManagmentCoreDate;
				PRODUCT_NAME = "$(TARGET_NAME)";
				SWIFT_EMIT_LOC_STRINGS = YES;
				SWIFT_VERSION = 5.0;
				TARGETED_DEVICE_FAMILY = "1,2";
			};
			name = Release;
		};
		B82BBF3C27ACF42B00A679FD /* Debug */ = {
			isa = XCBuildConfiguration;
			buildSettings = {
				ALWAYS_EMBED_SWIFT_STANDARD_LIBRARIES = YES;
				BUNDLE_LOADER = "$(TEST_HOST)";
				CODE_SIGN_STYLE = Automatic;
				CURRENT_PROJECT_VERSION = 1;
				DEVELOPMENT_TEAM = 335ANAU3W5;
				GENERATE_INFOPLIST_FILE = YES;
				IPHONEOS_DEPLOYMENT_TARGET = 15.0;
				LD_RUNPATH_SEARCH_PATHS = (
					"$(inherited)",
					"@executable_path/Frameworks",
					"@loader_path/Frameworks",
				);
				MARKETING_VERSION = 1.0;
				PRODUCT_BUNDLE_IDENTIFIER = com.e.shirashiyani.TaskManagmentCoreDateTests;
				PRODUCT_NAME = "$(TARGET_NAME)";
				SWIFT_EMIT_LOC_STRINGS = NO;
				SWIFT_VERSION = 5.0;
				TARGETED_DEVICE_FAMILY = "1,2";
				TEST_HOST = "$(BUILT_PRODUCTS_DIR)/TaskManagmentCoreDate.app/TaskManagmentCoreDate";
			};
			name = Debug;
		};
		B82BBF3D27ACF42B00A679FD /* Release */ = {
			isa = XCBuildConfiguration;
			buildSettings = {
				ALWAYS_EMBED_SWIFT_STANDARD_LIBRARIES = YES;
				BUNDLE_LOADER = "$(TEST_HOST)";
				CODE_SIGN_STYLE = Automatic;
				CURRENT_PROJECT_VERSION = 1;
				DEVELOPMENT_TEAM = 335ANAU3W5;
				GENERATE_INFOPLIST_FILE = YES;
				IPHONEOS_DEPLOYMENT_TARGET = 15.0;
				LD_RUNPATH_SEARCH_PATHS = (
					"$(inherited)",
					"@executable_path/Frameworks",
					"@loader_path/Frameworks",
				);
				MARKETING_VERSION = 1.0;
				PRODUCT_BUNDLE_IDENTIFIER = com.e.shirashiyani.TaskManagmentCoreDateTests;
				PRODUCT_NAME = "$(TARGET_NAME)";
				SWIFT_EMIT_LOC_STRINGS = NO;
				SWIFT_VERSION = 5.0;
				TARGETED_DEVICE_FAMILY = "1,2";
				TEST_HOST = "$(BUILT_PRODUCTS_DIR)/TaskManagmentCoreDate.app/TaskManagmentCoreDate";
			};
			name = Release;
		};
		B82BBF3F27ACF42B00A679FD /* Debug */ = {
			isa = XCBuildConfiguration;
			buildSettings = {
				ALWAYS_EMBED_SWIFT_STANDARD_LIBRARIES = YES;
				CODE_SIGN_STYLE = Automatic;
				CURRENT_PROJECT_VERSION = 1;
				DEVELOPMENT_TEAM = 335ANAU3W5;
				GENERATE_INFOPLIST_FILE = YES;
				LD_RUNPATH_SEARCH_PATHS = (
					"$(inherited)",
					"@executable_path/Frameworks",
					"@loader_path/Frameworks",
				);
				MARKETING_VERSION = 1.0;
				PRODUCT_BUNDLE_IDENTIFIER = com.e.shirashiyani.TaskManagmentCoreDateUITests;
				PRODUCT_NAME = "$(TARGET_NAME)";
				SWIFT_EMIT_LOC_STRINGS = NO;
				SWIFT_VERSION = 5.0;
				TARGETED_DEVICE_FAMILY = "1,2";
				TEST_TARGET_NAME = TaskManagmentCoreDate;
			};
			name = Debug;
		};
		B82BBF4027ACF42B00A679FD /* Release */ = {
			isa = XCBuildConfiguration;
			buildSettings = {
				ALWAYS_EMBED_SWIFT_STANDARD_LIBRARIES = YES;
				CODE_SIGN_STYLE = Automatic;
				CURRENT_PROJECT_VERSION = 1;
				DEVELOPMENT_TEAM = 335ANAU3W5;
				GENERATE_INFOPLIST_FILE = YES;
				LD_RUNPATH_SEARCH_PATHS = (
					"$(inherited)",
					"@executable_path/Frameworks",
					"@loader_path/Frameworks",
				);
				MARKETING_VERSION = 1.0;
				PRODUCT_BUNDLE_IDENTIFIER = com.e.shirashiyani.TaskManagmentCoreDateUITests;
				PRODUCT_NAME = "$(TARGET_NAME)";
				SWIFT_EMIT_LOC_STRINGS = NO;
				SWIFT_VERSION = 5.0;
				TARGETED_DEVICE_FAMILY = "1,2";
				TEST_TARGET_NAME = TaskManagmentCoreDate;
			};
			name = Release;
		};
/* End XCBuildConfiguration section */

/* Begin XCConfigurationList section */
		B82BBF0A27ACF42700A679FD /* Build configuration list for PBXProject "TaskManagmentCoreDate" */ = {
			isa = XCConfigurationList;
			buildConfigurations = (
				B82BBF3627ACF42B00A679FD /* Debug */,
				B82BBF3727ACF42B00A679FD /* Release */,
			);
			defaultConfigurationIsVisible = 0;
			defaultConfigurationName = Release;
		};
		B82BBF3827ACF42B00A679FD /* Build configuration list for PBXNativeTarget "TaskManagmentCoreDate" */ = {
			isa = XCConfigurationList;
			buildConfigurations = (
				B82BBF3927ACF42B00A679FD /* Debug */,
				B82BBF3A27ACF42B00A679FD /* Release */,
			);
			defaultConfigurationIsVisible = 0;
			defaultConfigurationName = Release;
		};
		B82BBF3B27ACF42B00A679FD /* Build configuration list for PBXNativeTarget "TaskManagmentCoreDateTests" */ = {
			isa = XCConfigurationList;
			buildConfigurations = (
				B82BBF3C27ACF42B00A679FD /* Debug */,
				B82BBF3D27ACF42B00A679FD /* Release */,
			);
			defaultConfigurationIsVisible = 0;
			defaultConfigurationName = Release;
		};
		B82BBF3E27ACF42B00A679FD /* Build configuration list for PBXNativeTarget "TaskManagmentCoreDateUITests" */ = {
			isa = XCConfigurationList;
			buildConfigurations = (
				B82BBF3F27ACF42B00A679FD /* Debug */,
				B82BBF4027ACF42B00A679FD /* Release */,
			);
			defaultConfigurationIsVisible = 0;
			defaultConfigurationName = Release;
		};
/* End XCConfigurationList section */

/* Begin XCVersionGroup section */
		B82BBF1D27ACF42B00A679FD /* TaskManagmentCoreDate.xcdatamodeld */ = {
			isa = XCVersionGroup;
			children = (
				B82BBF1E27ACF42B00A679FD /* TaskManagmentCoreDate.xcdatamodel */,
			);
			currentVersion = B82BBF1E27ACF42B00A679FD /* TaskManagmentCoreDate.xcdatamodel */;
			path = TaskManagmentCoreDate.xcdatamodeld;
			sourceTree = "<group>";
			versionGroupType = wrapper.xcdatamodel;
		};
/* End XCVersionGroup section */
	};
	rootObject = B82BBF0727ACF42700A679FD /* Project object */;
}
